
Microsoft Visual Studio Solution File, Format Version 12.00
# Visual Studio 2013
VisualStudioVersion = 12.0.21005.1
MinimumVisualStudioVersion = 10.0.40219.1
Project("{2150E333-8FDC-42A3-9474-1A3956D46DE8}") = "01-JCodes.Framework.UserInterface", "01-JCodes.Framework.UserInterface", "{5D315992-9220-472E-92B2-D6CEE8C6B1A5}"
EndProject
Project("{2150E333-8FDC-42A3-9474-1A3956D46DE8}") = "02-JCodes.Framework.BusinessLogicLayer", "02-JCodes.Framework.BusinessLogicLayer", "{B3836A3D-DB43-4A38-9FEB-A78420EBC11B}"
EndProject
Project("{2150E333-8FDC-42A3-9474-1A3956D46DE8}") = "03-JCodes.Framework.DataAccessLayer", "03-JCodes.Framework.DataAccessLayer", "{64731720-F3E1-4EA5-9BB0-1EDB7A006D7A}"
EndProject
Project("{2150E333-8FDC-42A3-9474-1A3956D46DE8}") = "04-JCodes.Framework.Infrastructure", "04-JCodes.Framework.Infrastructure", "{E55CD18E-7574-4CEC-A0DA-B75094DE0DB4}"
EndProject
Project("{2150E333-8FDC-42A3-9474-1A3956D46DE8}") = "05-JCodes.Framework.libs", "05-JCodes.Framework.libs", "{3A319E56-4A33-4799-AF8C-F4E33712A5A5}"
EndProject
Project("{FAE04EC0-301F-11D3-BF4B-00C04F79EFBC}") = "JCodes.Framework.AddIn", "JCodes.Framework.AddIn\JCodes.Framework.AddIn.csproj", "{B2C03C8B-B0C2-4DA0-9A85-BDC8BF8DCEBF}"
EndProject
Project("{FAE04EC0-301F-11D3-BF4B-00C04F79EFBC}") = "JCodes.Framework.Common", "JCodes.Framework.Common\JCodes.Framework.Common.csproj", "{0DC2C51C-4601-4045-A412-BED930658C2C}"
EndProject
Project("{FAE04EC0-301F-11D3-BF4B-00C04F79EFBC}") = "JCodes.Framework.IDAL", "JCodes.Framework.IDAL\JCodes.Framework.IDAL.csproj", "{A7F8FAE9-0036-45CE-97B6-F21E144807C8}"
EndProject
Project("{FAE04EC0-301F-11D3-BF4B-00C04F79EFBC}") = "JCodes.Framework.SQLServerDAL", "JCodes.Framework.SQLServerDAL\JCodes.Framework.SQLServerDAL.csproj", "{B10441F3-9C12-46EC-BDB7-768AEF8EC863}"
EndProject
Project("{FAE04EC0-301F-11D3-BF4B-00C04F79EFBC}") = "JCodes.Framework.BLL", "JCodes.Framework.BLL\JCodes.Framework.BLL.csproj", "{2EC4520F-5197-4E3F-B689-7023A98623E0}"
EndProject
Project("{FAE04EC0-301F-11D3-BF4B-00C04F79EFBC}") = "JCodes.Framework.WinFormUI", "JCodes.Framework.WinFormUI\JCodes.Framework.WinFormUI.csproj", "{FFCF8B76-D42F-4BBC-B68F-7D44551425B3}"
EndProject
Project("{FAE04EC0-301F-11D3-BF4B-00C04F79EFBC}") = "JCodes.Framework.Entity", "JCodes.Framework.Entity\JCodes.Framework.Entity.csproj", "{22D7993C-A8C8-4306-90A4-96FF76A12C0A}"
EndProject
Project("{FAE04EC0-301F-11D3-BF4B-00C04F79EFBC}") = "JCodes.Framework.jCodesenum", "JCodes.Framework.Enum\JCodes.Framework.jCodesenum.csproj", "{BD86470B-26C1-4B51-B6A8-3F11CEBB4950}"
EndProject
Project("{FAE04EC0-301F-11D3-BF4B-00C04F79EFBC}") = "JCodes.Framework.CommonControl", "JCodes.Framework.CommonControl\JCodes.Framework.CommonControl.csproj", "{64CFE6D2-0684-4D68-BFA0-EC7EFFDF4623}"
EndProject
Project("{2150E333-8FDC-42A3-9474-1A3956D46DE8}") = "06-JCodes.Framework.Test", "06-JCodes.Framework.Test", "{14599BE9-EE2D-4DB0-AB52-1858F0A18967}"
EndProject
Project("{FAE04EC0-301F-11D3-BF4B-00C04F79EFBC}") = "JCodes.Framework.TestWinForm", "JCodes.Framework.TestWinForm\JCodes.Framework.TestWinForm.csproj", "{1E48793E-326C-46B5-8AE2-97F8C0AFA30E}"
EndProject
Project("{FAE04EC0-301F-11D3-BF4B-00C04F79EFBC}") = "JCodes.Framework.AccessDAL", "JCodes.Framework.AccessDAL\JCodes.Framework.AccessDAL.csproj", "{B60A75F0-CFED-4119-B6ED-07E946347A62}"
EndProject
Project("{FAE04EC0-301F-11D3-BF4B-00C04F79EFBC}") = "JCodes.Framework.MySqlDAL", "JCodes.Framework.MySqlDAL\JCodes.Framework.MySqlDAL.csproj", "{0A770517-9E5E-455D-BA43-1A9E3C54ECFB}"
EndProject
Project("{FAE04EC0-301F-11D3-BF4B-00C04F79EFBC}") = "JCodes.Framework.OracleDAL", "JCodes.Framework.OracleDAL\JCodes.Framework.OracleDAL.csproj", "{37B7F9C7-6E6D-40EA-824D-FBEB22977F3F}"
EndProject
Project("{FAE04EC0-301F-11D3-BF4B-00C04F79EFBC}") = "JCodes.Framework.SQLiteDAL", "JCodes.Framework.SQLiteDAL\JCodes.Framework.SQLiteDAL.csproj", "{FDF63C08-46C6-423C-919B-846AC161AD83}"
EndProject
Project("{FAE04EC0-301F-11D3-BF4B-00C04F79EFBC}") = "JCodes.Framework.AddIn.50Go", "JCodes.Framework.AddIn.50Go\JCodes.Framework.AddIn.50Go.csproj", "{669AF576-5DB4-4E80-8029-FFFE90E92AC8}"
EndProject
Project("{FAE04EC0-301F-11D3-BF4B-00C04F79EFBC}") = "JCodes.Framework.AddIn.Test", "JCodes.Framework.AddIn.Test\JCodes.Framework.AddIn.Test.csproj", "{E4DB049F-62B6-46AD-8EEE-D03CC25540B8}"
EndProject
Project("{FAE04EC0-301F-11D3-BF4B-00C04F79EFBC}") = "JCodes.Framework.AddIn.Basic", "JCodes.Framework.AddIn.Basic\JCodes.Framework.AddIn.Basic.csproj", "{6FFFBDB0-3A25-46CF-9738-CB3C0735DB33}"
EndProject
Project("{FAE04EC0-301F-11D3-BF4B-00C04F79EFBC}") = "JCodes.Framework.AddIn.Contact", "JCodes.Framework.AddIn.Contact\JCodes.Framework.AddIn.Contact.csproj", "{E1FEB24A-7610-4A16-AF01-CC4349CCFC75}"
EndProject
Project("{FAE04EC0-301F-11D3-BF4B-00C04F79EFBC}") = "JCodes.Framework.AddIn.Dictionary", "JCodes.Framework.AddIn.Dictionary\JCodes.Framework.AddIn.Dictionary.csproj", "{84431DB5-067B-4D33-A93E-F75EBD9C40FC}"
EndProject
Project("{FAE04EC0-301F-11D3-BF4B-00C04F79EFBC}") = "JCodes.Framework.AddIn.Security", "JCodes.Framework.AddIn.Security\JCodes.Framework.AddIn.Security.csproj", "{11C171F5-8524-4C95-9BB7-E7AFAF2EC25D}"
EndProject
Project("{FAE04EC0-301F-11D3-BF4B-00C04F79EFBC}") = "JCodes.Framework.AddIn.SmallTools", "JCodes.Framework.AddIn.SmallTools\JCodes.Framework.AddIn.SmallTools.csproj", "{4D2DC7D2-11F4-4699-B279-C923B635656A}"
EndProject
Project("{FAE04EC0-301F-11D3-BF4B-00C04F79EFBC}") = "JCodes.Framework.AddIn.WareHouseManage", "JCodes.Framework.AddIn.WareHouseManage\JCodes.Framework.AddIn.WareHouseManage.csproj", "{76BAFEED-850D-43F1-A544-719C406C679F}"
EndProject
Project("{FAE04EC0-301F-11D3-BF4B-00C04F79EFBC}") = "JCodes.Framework.AddIn.Proj", "JCodes.Framework.AddIn.Proj\JCodes.Framework.AddIn.Proj.csproj", "{A9C9CC64-63D1-4820-B2F5-C8A599D729B3}"
EndProject
Project("{FAE04EC0-301F-11D3-BF4B-00C04F79EFBC}") = "JCodes.Framework.WebUI", "JCodes.Framework.WebUI\JCodes.Framework.WebUI.csproj", "{B7790423-E7D9-4A7D-882F-DB8A92F7C101}"
EndProject
Global
	GlobalSection(SolutionConfigurationPlatforms) = preSolution
		Debug|Any CPU = Debug|Any CPU
		Release|Any CPU = Release|Any CPU
	EndGlobalSection
	GlobalSection(ProjectConfigurationPlatforms) = postSolution
		{B2C03C8B-B0C2-4DA0-9A85-BDC8BF8DCEBF}.Debug|Any CPU.ActiveCfg = Debug|Any CPU
		{B2C03C8B-B0C2-4DA0-9A85-BDC8BF8DCEBF}.Debug|Any CPU.Build.0 = Debug|Any CPU
		{B2C03C8B-B0C2-4DA0-9A85-BDC8BF8DCEBF}.Release|Any CPU.ActiveCfg = Release|Any CPU
		{B2C03C8B-B0C2-4DA0-9A85-BDC8BF8DCEBF}.Release|Any CPU.Build.0 = Release|Any CPU
		{0DC2C51C-4601-4045-A412-BED930658C2C}.Debug|Any CPU.ActiveCfg = Debug|Any CPU
		{0DC2C51C-4601-4045-A412-BED930658C2C}.Debug|Any CPU.Build.0 = Debug|Any CPU
		{0DC2C51C-4601-4045-A412-BED930658C2C}.Release|Any CPU.ActiveCfg = Release|Any CPU
		{0DC2C51C-4601-4045-A412-BED930658C2C}.Release|Any CPU.Build.0 = Release|Any CPU
		{A7F8FAE9-0036-45CE-97B6-F21E144807C8}.Debug|Any CPU.ActiveCfg = Debug|Any CPU
		{A7F8FAE9-0036-45CE-97B6-F21E144807C8}.Debug|Any CPU.Build.0 = Debug|Any CPU
		{A7F8FAE9-0036-45CE-97B6-F21E144807C8}.Release|Any CPU.ActiveCfg = Release|Any CPU
		{A7F8FAE9-0036-45CE-97B6-F21E144807C8}.Release|Any CPU.Build.0 = Release|Any CPU
		{B10441F3-9C12-46EC-BDB7-768AEF8EC863}.Debug|Any CPU.ActiveCfg = Debug|Any CPU
		{B10441F3-9C12-46EC-BDB7-768AEF8EC863}.Debug|Any CPU.Build.0 = Debug|Any CPU
		{B10441F3-9C12-46EC-BDB7-768AEF8EC863}.Release|Any CPU.ActiveCfg = Release|Any CPU
		{B10441F3-9C12-46EC-BDB7-768AEF8EC863}.Release|Any CPU.Build.0 = Release|Any CPU
		{2EC4520F-5197-4E3F-B689-7023A98623E0}.Debug|Any CPU.ActiveCfg = Debug|Any CPU
		{2EC4520F-5197-4E3F-B689-7023A98623E0}.Debug|Any CPU.Build.0 = Debug|Any CPU
		{2EC4520F-5197-4E3F-B689-7023A98623E0}.Release|Any CPU.ActiveCfg = Release|Any CPU
		{2EC4520F-5197-4E3F-B689-7023A98623E0}.Release|Any CPU.Build.0 = Release|Any CPU
		{FFCF8B76-D42F-4BBC-B68F-7D44551425B3}.Debug|Any CPU.ActiveCfg = Debug|Any CPU
		{FFCF8B76-D42F-4BBC-B68F-7D44551425B3}.Debug|Any CPU.Build.0 = Debug|Any CPU
		{FFCF8B76-D42F-4BBC-B68F-7D44551425B3}.Release|Any CPU.ActiveCfg = Release|Any CPU
		{FFCF8B76-D42F-4BBC-B68F-7D44551425B3}.Release|Any CPU.Build.0 = Release|Any CPU
		{22D7993C-A8C8-4306-90A4-96FF76A12C0A}.Debug|Any CPU.ActiveCfg = Debug|Any CPU
		{22D7993C-A8C8-4306-90A4-96FF76A12C0A}.Debug|Any CPU.Build.0 = Debug|Any CPU
		{22D7993C-A8C8-4306-90A4-96FF76A12C0A}.Release|Any CPU.ActiveCfg = Release|Any CPU
		{22D7993C-A8C8-4306-90A4-96FF76A12C0A}.Release|Any CPU.Build.0 = Release|Any CPU
		{BD86470B-26C1-4B51-B6A8-3F11CEBB4950}.Debug|Any CPU.ActiveCfg = Debug|Any CPU
		{BD86470B-26C1-4B51-B6A8-3F11CEBB4950}.Debug|Any CPU.Build.0 = Debug|Any CPU
		{BD86470B-26C1-4B51-B6A8-3F11CEBB4950}.Release|Any CPU.ActiveCfg = Release|Any CPU
		{BD86470B-26C1-4B51-B6A8-3F11CEBB4950}.Release|Any CPU.Build.0 = Release|Any CPU
		{64CFE6D2-0684-4D68-BFA0-EC7EFFDF4623}.Debug|Any CPU.ActiveCfg = Debug|Any CPU
		{64CFE6D2-0684-4D68-BFA0-EC7EFFDF4623}.Debug|Any CPU.Build.0 = Debug|Any CPU
		{64CFE6D2-0684-4D68-BFA0-EC7EFFDF4623}.Release|Any CPU.ActiveCfg = Release|Any CPU
		{64CFE6D2-0684-4D68-BFA0-EC7EFFDF4623}.Release|Any CPU.Build.0 = Release|Any CPU
		{1E48793E-326C-46B5-8AE2-97F8C0AFA30E}.Debug|Any CPU.ActiveCfg = Debug|Any CPU
		{1E48793E-326C-46B5-8AE2-97F8C0AFA30E}.Debug|Any CPU.Build.0 = Debug|Any CPU
		{1E48793E-326C-46B5-8AE2-97F8C0AFA30E}.Release|Any CPU.ActiveCfg = Release|Any CPU
		{1E48793E-326C-46B5-8AE2-97F8C0AFA30E}.Release|Any CPU.Build.0 = Release|Any CPU
		{B60A75F0-CFED-4119-B6ED-07E946347A62}.Debug|Any CPU.ActiveCfg = Debug|Any CPU
		{B60A75F0-CFED-4119-B6ED-07E946347A62}.Debug|Any CPU.Build.0 = Debug|Any CPU
		{B60A75F0-CFED-4119-B6ED-07E946347A62}.Release|Any CPU.ActiveCfg = Release|Any CPU
		{B60A75F0-CFED-4119-B6ED-07E946347A62}.Release|Any CPU.Build.0 = Release|Any CPU
		{0A770517-9E5E-455D-BA43-1A9E3C54ECFB}.Debug|Any CPU.ActiveCfg = Debug|Any CPU
		{0A770517-9E5E-455D-BA43-1A9E3C54ECFB}.Debug|Any CPU.Build.0 = Debug|Any CPU
		{0A770517-9E5E-455D-BA43-1A9E3C54ECFB}.Release|Any CPU.ActiveCfg = Release|Any CPU
		{0A770517-9E5E-455D-BA43-1A9E3C54ECFB}.Release|Any CPU.Build.0 = Release|Any CPU
		{37B7F9C7-6E6D-40EA-824D-FBEB22977F3F}.Debug|Any CPU.ActiveCfg = Debug|Any CPU
		{37B7F9C7-6E6D-40EA-824D-FBEB22977F3F}.Debug|Any CPU.Build.0 = Debug|Any CPU
		{37B7F9C7-6E6D-40EA-824D-FBEB22977F3F}.Release|Any CPU.ActiveCfg = Release|Any CPU
		{37B7F9C7-6E6D-40EA-824D-FBEB22977F3F}.Release|Any CPU.Build.0 = Release|Any CPU
		{FDF63C08-46C6-423C-919B-846AC161AD83}.Debug|Any CPU.ActiveCfg = Debug|Any CPU
		{FDF63C08-46C6-423C-919B-846AC161AD83}.Debug|Any CPU.Build.0 = Debug|Any CPU
		{FDF63C08-46C6-423C-919B-846AC161AD83}.Release|Any CPU.ActiveCfg = Release|Any CPU
		{FDF63C08-46C6-423C-919B-846AC161AD83}.Release|Any CPU.Build.0 = Release|Any CPU
		{669AF576-5DB4-4E80-8029-FFFE90E92AC8}.Debug|Any CPU.ActiveCfg = Debug|Any CPU
		{669AF576-5DB4-4E80-8029-FFFE90E92AC8}.Debug|Any CPU.Build.0 = Debug|Any CPU
		{669AF576-5DB4-4E80-8029-FFFE90E92AC8}.Release|Any CPU.ActiveCfg = Release|Any CPU
		{669AF576-5DB4-4E80-8029-FFFE90E92AC8}.Release|Any CPU.Build.0 = Release|Any CPU
		{E4DB049F-62B6-46AD-8EEE-D03CC25540B8}.Debug|Any CPU.ActiveCfg = Debug|Any CPU
		{E4DB049F-62B6-46AD-8EEE-D03CC25540B8}.Debug|Any CPU.Build.0 = Debug|Any CPU
		{E4DB049F-62B6-46AD-8EEE-D03CC25540B8}.Release|Any CPU.ActiveCfg = Release|Any CPU
		{E4DB049F-62B6-46AD-8EEE-D03CC25540B8}.Release|Any CPU.Build.0 = Release|Any CPU
		{6FFFBDB0-3A25-46CF-9738-CB3C0735DB33}.Debug|Any CPU.ActiveCfg = Debug|Any CPU
		{6FFFBDB0-3A25-46CF-9738-CB3C0735DB33}.Debug|Any CPU.Build.0 = Debug|Any CPU
		{6FFFBDB0-3A25-46CF-9738-CB3C0735DB33}.Release|Any CPU.ActiveCfg = Release|Any CPU
		{6FFFBDB0-3A25-46CF-9738-CB3C0735DB33}.Release|Any CPU.Build.0 = Release|Any CPU
		{E1FEB24A-7610-4A16-AF01-CC4349CCFC75}.Debug|Any CPU.ActiveCfg = Debug|Any CPU
		{E1FEB24A-7610-4A16-AF01-CC4349CCFC75}.Debug|Any CPU.Build.0 = Debug|Any CPU
		{E1FEB24A-7610-4A16-AF01-CC4349CCFC75}.Release|Any CPU.ActiveCfg = Release|Any CPU
		{E1FEB24A-7610-4A16-AF01-CC4349CCFC75}.Release|Any CPU.Build.0 = Release|Any CPU
		{84431DB5-067B-4D33-A93E-F75EBD9C40FC}.Debug|Any CPU.ActiveCfg = Debug|Any CPU
		{84431DB5-067B-4D33-A93E-F75EBD9C40FC}.Debug|Any CPU.Build.0 = Debug|Any CPU
		{84431DB5-067B-4D33-A93E-F75EBD9C40FC}.Release|Any CPU.ActiveCfg = Release|Any CPU
		{84431DB5-067B-4D33-A93E-F75EBD9C40FC}.Release|Any CPU.Build.0 = Release|Any CPU
		{11C171F5-8524-4C95-9BB7-E7AFAF2EC25D}.Debug|Any CPU.ActiveCfg = Debug|Any CPU
		{11C171F5-8524-4C95-9BB7-E7AFAF2EC25D}.Debug|Any CPU.Build.0 = Debug|Any CPU
		{11C171F5-8524-4C95-9BB7-E7AFAF2EC25D}.Release|Any CPU.ActiveCfg = Release|Any CPU
		{11C171F5-8524-4C95-9BB7-E7AFAF2EC25D}.Release|Any CPU.Build.0 = Release|Any CPU
		{4D2DC7D2-11F4-4699-B279-C923B635656A}.Debug|Any CPU.ActiveCfg = Debug|Any CPU
		{4D2DC7D2-11F4-4699-B279-C923B635656A}.Debug|Any CPU.Build.0 = Debug|Any CPU
		{4D2DC7D2-11F4-4699-B279-C923B635656A}.Release|Any CPU.ActiveCfg = Release|Any CPU
		{4D2DC7D2-11F4-4699-B279-C923B635656A}.Release|Any CPU.Build.0 = Release|Any CPU
		{76BAFEED-850D-43F1-A544-719C406C679F}.Debug|Any CPU.ActiveCfg = Debug|Any CPU
		{76BAFEED-850D-43F1-A544-719C406C679F}.Debug|Any CPU.Build.0 = Debug|Any CPU
		{76BAFEED-850D-43F1-A544-719C406C679F}.Release|Any CPU.ActiveCfg = Release|Any CPU
		{76BAFEED-850D-43F1-A544-719C406C679F}.Release|Any CPU.Build.0 = Release|Any CPU
		{A9C9CC64-63D1-4820-B2F5-C8A599D729B3}.Debug|Any CPU.ActiveCfg = Debug|Any CPU
		{A9C9CC64-63D1-4820-B2F5-C8A599D729B3}.Debug|Any CPU.Build.0 = Debug|Any CPU
		{A9C9CC64-63D1-4820-B2F5-C8A599D729B3}.Release|Any CPU.ActiveCfg = Release|Any CPU
		{A9C9CC64-63D1-4820-B2F5-C8A599D729B3}.Release|Any CPU.Build.0 = Release|Any CPU
		{B7790423-E7D9-4A7D-882F-DB8A92F7C101}.Debug|Any CPU.ActiveCfg = Debug|Any CPU
		{B7790423-E7D9-4A7D-882F-DB8A92F7C101}.Debug|Any CPU.Build.0 = Debug|Any CPU
		{B7790423-E7D9-4A7D-882F-DB8A92F7C101}.Release|Any CPU.ActiveCfg = Release|Any CPU
		{B7790423-E7D9-4A7D-882F-DB8A92F7C101}.Release|Any CPU.Build.0 = Release|Any CPU
	EndGlobalSection
	GlobalSection(SolutionProperties) = preSolution
		HideSolutionNode = FALSE
	EndGlobalSection
	GlobalSection(NestedProjects) = preSolution
		{B2C03C8B-B0C2-4DA0-9A85-BDC8BF8DCEBF} = {5D315992-9220-472E-92B2-D6CEE8C6B1A5}
		{FFCF8B76-D42F-4BBC-B68F-7D44551425B3} = {5D315992-9220-472E-92B2-D6CEE8C6B1A5}
		{22D7993C-A8C8-4306-90A4-96FF76A12C0A} = {5D315992-9220-472E-92B2-D6CEE8C6B1A5}
		{BD86470B-26C1-4B51-B6A8-3F11CEBB4950} = {5D315992-9220-472E-92B2-D6CEE8C6B1A5}
		{669AF576-5DB4-4E80-8029-FFFE90E92AC8} = {5D315992-9220-472E-92B2-D6CEE8C6B1A5}
		{E4DB049F-62B6-46AD-8EEE-D03CC25540B8} = {5D315992-9220-472E-92B2-D6CEE8C6B1A5}
		{6FFFBDB0-3A25-46CF-9738-CB3C0735DB33} = {5D315992-9220-472E-92B2-D6CEE8C6B1A5}
		{E1FEB24A-7610-4A16-AF01-CC4349CCFC75} = {5D315992-9220-472E-92B2-D6CEE8C6B1A5}
		{84431DB5-067B-4D33-A93E-F75EBD9C40FC} = {5D315992-9220-472E-92B2-D6CEE8C6B1A5}
		{11C171F5-8524-4C95-9BB7-E7AFAF2EC25D} = {5D315992-9220-472E-92B2-D6CEE8C6B1A5}
		{4D2DC7D2-11F4-4699-B279-C923B635656A} = {5D315992-9220-472E-92B2-D6CEE8C6B1A5}
		{76BAFEED-850D-43F1-A544-719C406C679F} = {5D315992-9220-472E-92B2-D6CEE8C6B1A5}
		{A9C9CC64-63D1-4820-B2F5-C8A599D729B3} = {5D315992-9220-472E-92B2-D6CEE8C6B1A5}
		{B7790423-E7D9-4A7D-882F-DB8A92F7C101} = {5D315992-9220-472E-92B2-D6CEE8C6B1A5}
		{2EC4520F-5197-4E3F-B689-7023A98623E0} = {B3836A3D-DB43-4A38-9FEB-A78420EBC11B}
		{A7F8FAE9-0036-45CE-97B6-F21E144807C8} = {64731720-F3E1-4EA5-9BB0-1EDB7A006D7A}
		{B10441F3-9C12-46EC-BDB7-768AEF8EC863} = {64731720-F3E1-4EA5-9BB0-1EDB7A006D7A}
		{B60A75F0-CFED-4119-B6ED-07E946347A62} = {64731720-F3E1-4EA5-9BB0-1EDB7A006D7A}
		{0A770517-9E5E-455D-BA43-1A9E3C54ECFB} = {64731720-F3E1-4EA5-9BB0-1EDB7A006D7A}
		{37B7F9C7-6E6D-40EA-824D-FBEB22977F3F} = {64731720-F3E1-4EA5-9BB0-1EDB7A006D7A}
		{FDF63C08-46C6-423C-919B-846AC161AD83} = {64731720-F3E1-4EA5-9BB0-1EDB7A006D7A}
		{0DC2C51C-4601-4045-A412-BED930658C2C} = {E55CD18E-7574-4CEC-A0DA-B75094DE0DB4}
		{64CFE6D2-0684-4D68-BFA0-EC7EFFDF4623} = {E55CD18E-7574-4CEC-A0DA-B75094DE0DB4}
		{1E48793E-326C-46B5-8AE2-97F8C0AFA30E} = {14599BE9-EE2D-4DB0-AB52-1858F0A18967}
	EndGlobalSection
EndGlobal
